
Microsoft Visual Studio Solution File, Format Version 12.00
# Visual Studio 15
VisualStudioVersion = 15.0.26430.6
MinimumVisualStudioVersion = 10.0.40219.1
Project("{FAE04EC0-301F-11D3-BF4B-00C04F79EFBC}") = "Farseer Physics Aelum", "Farseer\Farseer Physics Engine 3.5\Farseer Physics Aelum.csproj", "{0AAD36E3-51A5-4A07-AB60-5C8A66BD38B7}"
EndProject
Project("{FAE04EC0-301F-11D3-BF4B-00C04F79EFBC}") = "Farseer DebugView", "Farseer\Farseer Physics DebugView 3.5\Farseer DebugView.csproj", "{566F1803-90B5-4947-8730-57F092FBB002}"
EndProject
Project("{FAE04EC0-301F-11D3-BF4B-00C04F79EFBC}") = "FNA", "FNA\FNA.csproj", "{35253CE1-C864-4CD3-8249-4D1319748E8F}"
EndProject
Project("{FAE04EC0-301F-11D3-BF4B-00C04F79EFBC}") = "PipelineTool", "Pipeline\PipelineTool.csproj", "{43886759-9276-4097-8892-2D33AB56D6E6}"
EndProject
Project("{FAE04EC0-301F-11D3-BF4B-00C04F79EFBC}") = "Aelum", "Aelum\Aelum.csproj", "{653266D7-A4B5-41D3-8554-A41ED289F460}"
EndProject
Project("{FAE04EC0-301F-11D3-BF4B-00C04F79EFBC}") = "TestGame", "TestGame\TestGame.csproj", "{55D4AADB-A980-4E5D-9516-BAFB8631FC06}"
EndProject
Project("{FAE04EC0-301F-11D3-BF4B-00C04F79EFBC}") = "TestGame2", "TestGame2\TestGame2.csproj", "{05BD87B9-1483-4DA2-BA5A-E985AFDBFD62}"
EndProject
Project("{FAE04EC0-301F-11D3-BF4B-00C04F79EFBC}") = "PipelineTool2", "PipelineTool2\PipelineTool2.csproj", "{7D91440E-D8F2-4C25-8841-3F37CECB6D8B}"
EndProject
Global
	GlobalSection(SolutionConfigurationPlatforms) = preSolution
		Debug|Any CPU = Debug|Any CPU
		Debug|x64 = Debug|x64
		Debug|x86 = Debug|x86
		Release|Any CPU = Release|Any CPU
		Release|x64 = Release|x64
		Release|x86 = Release|x86
	EndGlobalSection
	GlobalSection(ProjectConfigurationPlatforms) = postSolution
		{0AAD36E3-51A5-4A07-AB60-5C8A66BD38B7}.Debug|Any CPU.ActiveCfg = Debug|x86
		{0AAD36E3-51A5-4A07-AB60-5C8A66BD38B7}.Debug|x64.ActiveCfg = Debug|x64
		{0AAD36E3-51A5-4A07-AB60-5C8A66BD38B7}.Debug|x64.Build.0 = Debug|x64
		{0AAD36E3-51A5-4A07-AB60-5C8A66BD38B7}.Debug|x86.ActiveCfg = Debug|x86
		{0AAD36E3-51A5-4A07-AB60-5C8A66BD38B7}.Debug|x86.Build.0 = Debug|x86
		{0AAD36E3-51A5-4A07-AB60-5C8A66BD38B7}.Release|Any CPU.ActiveCfg = Release|x86
		{0AAD36E3-51A5-4A07-AB60-5C8A66BD38B7}.Release|x64.ActiveCfg = Release|x64
		{0AAD36E3-51A5-4A07-AB60-5C8A66BD38B7}.Release|x64.Build.0 = Release|x64
		{0AAD36E3-51A5-4A07-AB60-5C8A66BD38B7}.Release|x86.ActiveCfg = Release|x86
		{0AAD36E3-51A5-4A07-AB60-5C8A66BD38B7}.Release|x86.Build.0 = Release|x86
		{566F1803-90B5-4947-8730-57F092FBB002}.Debug|Any CPU.ActiveCfg = Debug|x86
		{566F1803-90B5-4947-8730-57F092FBB002}.Debug|x64.ActiveCfg = Debug|x64
		{566F1803-90B5-4947-8730-57F092FBB002}.Debug|x64.Build.0 = Debug|x64
		{566F1803-90B5-4947-8730-57F092FBB002}.Debug|x86.ActiveCfg = Debug|x86
		{566F1803-90B5-4947-8730-57F092FBB002}.Debug|x86.Build.0 = Debug|x86
		{566F1803-90B5-4947-8730-57F092FBB002}.Release|Any CPU.ActiveCfg = Release|x86
		{566F1803-90B5-4947-8730-57F092FBB002}.Release|x64.ActiveCfg = Release|x64
		{566F1803-90B5-4947-8730-57F092FBB002}.Release|x64.Build.0 = Release|x64
		{566F1803-90B5-4947-8730-57F092FBB002}.Release|x86.ActiveCfg = Release|x86
		{566F1803-90B5-4947-8730-57F092FBB002}.Release|x86.Build.0 = Release|x86
		{35253CE1-C864-4CD3-8249-4D1319748E8F}.Debug|Any CPU.ActiveCfg = Debug|Any CPU
		{35253CE1-C864-4CD3-8249-4D1319748E8F}.Debug|Any CPU.Build.0 = Debug|Any CPU
		{35253CE1-C864-4CD3-8249-4D1319748E8F}.Debug|x64.ActiveCfg = Debug|x64
		{35253CE1-C864-4CD3-8249-4D1319748E8F}.Debug|x64.Build.0 = Debug|x64
		{35253CE1-C864-4CD3-8249-4D1319748E8F}.Debug|x86.ActiveCfg = Debug|x86
		{35253CE1-C864-4CD3-8249-4D1319748E8F}.Debug|x86.Build.0 = Debug|x86
		{35253CE1-C864-4CD3-8249-4D1319748E8F}.Release|Any CPU.ActiveCfg = Release|Any CPU
		{35253CE1-C864-4CD3-8249-4D1319748E8F}.Release|Any CPU.Build.0 = Release|Any CPU
		{35253CE1-C864-4CD3-8249-4D1319748E8F}.Release|x64.ActiveCfg = Release|x64
		{35253CE1-C864-4CD3-8249-4D1319748E8F}.Release|x64.Build.0 = Release|x64
		{35253CE1-C864-4CD3-8249-4D1319748E8F}.Release|x86.ActiveCfg = Release|x86
		{35253CE1-C864-4CD3-8249-4D1319748E8F}.Release|x86.Build.0 = Release|x86
		{43886759-9276-4097-8892-2D33AB56D6E6}.Debug|Any CPU.ActiveCfg = Debug|Any CPU
		{43886759-9276-4097-8892-2D33AB56D6E6}.Debug|Any CPU.Build.0 = Debug|Any CPU
		{43886759-9276-4097-8892-2D33AB56D6E6}.Debug|x64.ActiveCfg = Debug|Any CPU
		{43886759-9276-4097-8892-2D33AB56D6E6}.Debug|x64.Build.0 = Debug|Any CPU
		{43886759-9276-4097-8892-2D33AB56D6E6}.Debug|x86.ActiveCfg = Debug|Any CPU
		{43886759-9276-4097-8892-2D33AB56D6E6}.Debug|x86.Build.0 = Debug|Any CPU
		{43886759-9276-4097-8892-2D33AB56D6E6}.Release|Any CPU.ActiveCfg = Debug|Any CPU
		{43886759-9276-4097-8892-2D33AB56D6E6}.Release|Any CPU.Build.0 = Debug|Any CPU
		{43886759-9276-4097-8892-2D33AB56D6E6}.Release|x64.ActiveCfg = Debug|Any CPU
		{43886759-9276-4097-8892-2D33AB56D6E6}.Release|x64.Build.0 = Debug|Any CPU
		{43886759-9276-4097-8892-2D33AB56D6E6}.Release|x86.ActiveCfg = Debug|Any CPU
		{43886759-9276-4097-8892-2D33AB56D6E6}.Release|x86.Build.0 = Debug|Any CPU
		{653266D7-A4B5-41D3-8554-A41ED289F460}.Debug|Any CPU.ActiveCfg = Debug|x86
		{653266D7-A4B5-41D3-8554-A41ED289F460}.Debug|x64.ActiveCfg = Debug|x64
		{653266D7-A4B5-41D3-8554-A41ED289F460}.Debug|x64.Build.0 = Debug|x64
		{653266D7-A4B5-41D3-8554-A41ED289F460}.Debug|x86.ActiveCfg = Debug|x86
		{653266D7-A4B5-41D3-8554-A41ED289F460}.Debug|x86.Build.0 = Debug|x86
		{653266D7-A4B5-41D3-8554-A41ED289F460}.Release|Any CPU.ActiveCfg = Release|x86
		{653266D7-A4B5-41D3-8554-A41ED289F460}.Release|x64.ActiveCfg = Release|x64
		{653266D7-A4B5-41D3-8554-A41ED289F460}.Release|x64.Build.0 = Release|x64
		{653266D7-A4B5-41D3-8554-A41ED289F460}.Release|x86.ActiveCfg = Release|x86
		{653266D7-A4B5-41D3-8554-A41ED289F460}.Release|x86.Build.0 = Release|x86
		{55D4AADB-A980-4E5D-9516-BAFB8631FC06}.Debug|Any CPU.ActiveCfg = Debug|x86
		{55D4AADB-A980-4E5D-9516-BAFB8631FC06}.Debug|x64.ActiveCfg = Debug|x64
		{55D4AADB-A980-4E5D-9516-BAFB8631FC06}.Debug|x64.Build.0 = Debug|x64
		{55D4AADB-A980-4E5D-9516-BAFB8631FC06}.Debug|x86.ActiveCfg = Debug|x86
		{55D4AADB-A980-4E5D-9516-BAFB8631FC06}.Debug|x86.Build.0 = Debug|x86
		{55D4AADB-A980-4E5D-9516-BAFB8631FC06}.Release|Any CPU.ActiveCfg = Release|x86
		{55D4AADB-A980-4E5D-9516-BAFB8631FC06}.Release|x64.ActiveCfg = Release|x64
		{55D4AADB-A980-4E5D-9516-BAFB8631FC06}.Release|x64.Build.0 = Release|x64
		{55D4AADB-A980-4E5D-9516-BAFB8631FC06}.Release|x86.ActiveCfg = Release|x86
		{55D4AADB-A980-4E5D-9516-BAFB8631FC06}.Release|x86.Build.0 = Release|x86
		{05BD87B9-1483-4DA2-BA5A-E985AFDBFD62}.Debug|Any CPU.ActiveCfg = Debug|Any CPU
		{05BD87B9-1483-4DA2-BA5A-E985AFDBFD62}.Debug|Any CPU.Build.0 = Debug|Any CPU
		{05BD87B9-1483-4DA2-BA5A-E985AFDBFD62}.Debug|x64.ActiveCfg = Debug|Any CPU
		{05BD87B9-1483-4DA2-BA5A-E985AFDBFD62}.Debug|x64.Build.0 = Debug|Any CPU
		{05BD87B9-1483-4DA2-BA5A-E985AFDBFD62}.Debug|x86.ActiveCfg = Debug|Any CPU
		{05BD87B9-1483-4DA2-BA5A-E985AFDBFD62}.Debug|x86.Build.0 = Debug|Any CPU
		{05BD87B9-1483-4DA2-BA5A-E985AFDBFD62}.Release|Any CPU.ActiveCfg = Release|Any CPU
		{05BD87B9-1483-4DA2-BA5A-E985AFDBFD62}.Release|Any CPU.Build.0 = Release|Any CPU
		{05BD87B9-1483-4DA2-BA5A-E985AFDBFD62}.Release|x64.ActiveCfg = Release|Any CPU
		{05BD87B9-1483-4DA2-BA5A-E985AFDBFD62}.Release|x64.Build.0 = Release|Any CPU
		{05BD87B9-1483-4DA2-BA5A-E985AFDBFD62}.Release|x86.ActiveCfg = Release|Any CPU
		{05BD87B9-1483-4DA2-BA5A-E985AFDBFD62}.Release|x86.Build.0 = Release|Any CPU
		{7D91440E-D8F2-4C25-8841-3F37CECB6D8B}.Debug|Any CPU.ActiveCfg = Debug|Any CPU
		{7D91440E-D8F2-4C25-8841-3F37CECB6D8B}.Debug|Any CPU.Build.0 = Debug|Any CPU
		{7D91440E-D8F2-4C25-8841-3F37CECB6D8B}.Debug|x64.ActiveCfg = Debug|Any CPU
		{7D91440E-D8F2-4C25-8841-3F37CECB6D8B}.Debug|x64.Build.0 = Debug|Any CPU
		{7D91440E-D8F2-4C25-8841-3F37CECB6D8B}.Debug|x86.ActiveCfg = Debug|Any CPU
		{7D91440E-D8F2-4C25-8841-3F37CECB6D8B}.Debug|x86.Build.0 = Debug|Any CPU
		{7D91440E-D8F2-4C25-8841-3F37CECB6D8B}.Release|Any CPU.ActiveCfg = Release|Any CPU
		{7D91440E-D8F2-4C25-8841-3F37CECB6D8B}.Release|Any CPU.Build.0 = Release|Any CPU
		{7D91440E-D8F2-4C25-8841-3F37CECB6D8B}.Release|x64.ActiveCfg = Release|Any CPU
		{7D91440E-D8F2-4C25-8841-3F37CECB6D8B}.Release|x64.Build.0 = Release|Any CPU
		{7D91440E-D8F2-4C25-8841-3F37CECB6D8B}.Release|x86.ActiveCfg = Release|Any CPU
		{7D91440E-D8F2-4C25-8841-3F37CECB6D8B}.Release|x86.Build.0 = Release|Any CPU
	EndGlobalSection
	GlobalSection(SolutionProperties) = preSolution
		HideSolutionNode = FALSE
	EndGlobalSection
	GlobalSection(ExtensibilityGlobals) = postSolution
		SolutionGuid = {403D6682-4890-4B8E-8915-C8B99D06FDEB}
	EndGlobalSection
EndGlobal
